
Microsoft Visual Studio Solution File, Format Version 12.00
# Visual Studio Version 17
VisualStudioVersion = 17.3.32825.248
MinimumVisualStudioVersion = 10.0.40219.1
Project("{9A19103F-16F7-4668-BE54-9A1E7A4F7556}") = "00.Demo.App", "00.Demo.App\00.Demo.App.csproj", "{97462528-9EFA-4DD8-874B-C883824F9071}"
EndProject
Project("{9A19103F-16F7-4668-BE54-9A1E7A4F7556}") = "00.Demo.Labyrinth", "00.Demo.Labyrinth\00.Demo.Labyrinth.csproj", "{F992F8AF-78A6-4963-BDF4-0656033DBDD9}"
EndProject
Project("{9A19103F-16F7-4668-BE54-9A1E7A4F7556}") = "00. Demo.RecursionVsIteration", "00. Demo.RecursionVsIteration\00. Demo.RecursionVsIteration.csproj", "{799A414E-4F6B-424E-ACA5-01FBD44DDBF7}"
EndProject
Project("{9A19103F-16F7-4668-BE54-9A1E7A4F7556}") = "00.Demo.Combinatorics", "00.Demo.Combinatorics\00.Demo.Combinatorics.csproj", "{D79BC502-63B4-4CD6-8166-B08FC16F39C4}"
EndProject
Project("{9A19103F-16F7-4668-BE54-9A1E7A4F7556}") = "00.Demo.DynamicProgramming", "00.Demo.DynamicProgramming\00.Demo.DynamicProgramming.csproj", "{928FF846-8EB0-4FF7-B231-A494874D571D}"
EndProject
Project("{9A19103F-16F7-4668-BE54-9A1E7A4F7556}") = "00.Demo.LongestIncreasingSubsequence", "00.Demo.LongestIncreasingSubsequence\00.Demo.LongestIncreasingSubsequence.csproj", "{D004C0E4-BBE1-46D5-A584-EABD3BF93D61}"
EndProject
Project("{9A19103F-16F7-4668-BE54-9A1E7A4F7556}") = "00.Demo.MoveDownRightSum", "00.Demo.MoveDownRightSum\00.Demo.MoveDownRightSum.csproj", "{5F454775-8AC6-4417-A17F-DDAC4A38B0DB}"
EndProject
Project("{FAE04EC0-301F-11D3-BF4B-00C04F79EFBC}") = "00.Demo.RodCutting", "00.Demo.RodCutting\00.Demo.RodCutting.csproj", "{CDFE19DC-9293-4A80-814E-915309CD3C8B}"
EndProject
Project("{FAE04EC0-301F-11D3-BF4B-00C04F79EFBC}") = "00.Demo.CoinChange", "00.Demo.CoinChange\00.Demo.CoinChange.csproj", "{C0033B93-40EC-420E-A6F2-38AF667635C1}"
EndProject
Project("{FAE04EC0-301F-11D3-BF4B-00C04F79EFBC}") = "00.Demo.Equal", "00.Demo.Equal\00.Demo.Equal.csproj", "{98B8CE95-BF2A-46A6-8476-40642DEF6581}"
EndProject
Global
	GlobalSection(SolutionConfigurationPlatforms) = preSolution
		Debug|Any CPU = Debug|Any CPU
		Release|Any CPU = Release|Any CPU
	EndGlobalSection
	GlobalSection(ProjectConfigurationPlatforms) = postSolution
		{97462528-9EFA-4DD8-874B-C883824F9071}.Debug|Any CPU.ActiveCfg = Debug|Any CPU
		{97462528-9EFA-4DD8-874B-C883824F9071}.Debug|Any CPU.Build.0 = Debug|Any CPU
		{97462528-9EFA-4DD8-874B-C883824F9071}.Release|Any CPU.ActiveCfg = Release|Any CPU
		{97462528-9EFA-4DD8-874B-C883824F9071}.Release|Any CPU.Build.0 = Release|Any CPU
		{F992F8AF-78A6-4963-BDF4-0656033DBDD9}.Debug|Any CPU.ActiveCfg = Debug|Any CPU
		{F992F8AF-78A6-4963-BDF4-0656033DBDD9}.Debug|Any CPU.Build.0 = Debug|Any CPU
		{F992F8AF-78A6-4963-BDF4-0656033DBDD9}.Release|Any CPU.ActiveCfg = Release|Any CPU
		{F992F8AF-78A6-4963-BDF4-0656033DBDD9}.Release|Any CPU.Build.0 = Release|Any CPU
		{799A414E-4F6B-424E-ACA5-01FBD44DDBF7}.Debug|Any CPU.ActiveCfg = Debug|Any CPU
		{799A414E-4F6B-424E-ACA5-01FBD44DDBF7}.Debug|Any CPU.Build.0 = Debug|Any CPU
		{799A414E-4F6B-424E-ACA5-01FBD44DDBF7}.Release|Any CPU.ActiveCfg = Release|Any CPU
		{799A414E-4F6B-424E-ACA5-01FBD44DDBF7}.Release|Any CPU.Build.0 = Release|Any CPU
		{D79BC502-63B4-4CD6-8166-B08FC16F39C4}.Debug|Any CPU.ActiveCfg = Debug|Any CPU
		{D79BC502-63B4-4CD6-8166-B08FC16F39C4}.Debug|Any CPU.Build.0 = Debug|Any CPU
		{D79BC502-63B4-4CD6-8166-B08FC16F39C4}.Release|Any CPU.ActiveCfg = Release|Any CPU
		{D79BC502-63B4-4CD6-8166-B08FC16F39C4}.Release|Any CPU.Build.0 = Release|Any CPU
		{928FF846-8EB0-4FF7-B231-A494874D571D}.Debug|Any CPU.ActiveCfg = Debug|Any CPU
		{928FF846-8EB0-4FF7-B231-A494874D571D}.Debug|Any CPU.Build.0 = Debug|Any CPU
		{928FF846-8EB0-4FF7-B231-A494874D571D}.Release|Any CPU.ActiveCfg = Release|Any CPU
		{928FF846-8EB0-4FF7-B231-A494874D571D}.Release|Any CPU.Build.0 = Release|Any CPU
		{D004C0E4-BBE1-46D5-A584-EABD3BF93D61}.Debug|Any CPU.ActiveCfg = Debug|Any CPU
		{D004C0E4-BBE1-46D5-A584-EABD3BF93D61}.Debug|Any CPU.Build.0 = Debug|Any CPU
		{D004C0E4-BBE1-46D5-A584-EABD3BF93D61}.Release|Any CPU.ActiveCfg = Release|Any CPU
		{D004C0E4-BBE1-46D5-A584-EABD3BF93D61}.Release|Any CPU.Build.0 = Release|Any CPU
		{5F454775-8AC6-4417-A17F-DDAC4A38B0DB}.Debug|Any CPU.ActiveCfg = Debug|Any CPU
		{5F454775-8AC6-4417-A17F-DDAC4A38B0DB}.Debug|Any CPU.Build.0 = Debug|Any CPU
		{5F454775-8AC6-4417-A17F-DDAC4A38B0DB}.Release|Any CPU.ActiveCfg = Release|Any CPU
		{5F454775-8AC6-4417-A17F-DDAC4A38B0DB}.Release|Any CPU.Build.0 = Release|Any CPU
		{CDFE19DC-9293-4A80-814E-915309CD3C8B}.Debug|Any CPU.ActiveCfg = Debug|Any CPU
		{CDFE19DC-9293-4A80-814E-915309CD3C8B}.Debug|Any CPU.Build.0 = Debug|Any CPU
		{CDFE19DC-9293-4A80-814E-915309CD3C8B}.Release|Any CPU.ActiveCfg = Release|Any CPU
		{CDFE19DC-9293-4A80-814E-915309CD3C8B}.Release|Any CPU.Build.0 = Release|Any CPU
		{C0033B93-40EC-420E-A6F2-38AF667635C1}.Debug|Any CPU.ActiveCfg = Debug|Any CPU
		{C0033B93-40EC-420E-A6F2-38AF667635C1}.Debug|Any CPU.Build.0 = Debug|Any CPU
		{C0033B93-40EC-420E-A6F2-38AF667635C1}.Release|Any CPU.ActiveCfg = Release|Any CPU
		{C0033B93-40EC-420E-A6F2-38AF667635C1}.Release|Any CPU.Build.0 = Release|Any CPU
		{98B8CE95-BF2A-46A6-8476-40642DEF6581}.Debug|Any CPU.ActiveCfg = Debug|Any CPU
		{98B8CE95-BF2A-46A6-8476-40642DEF6581}.Debug|Any CPU.Build.0 = Debug|Any CPU
		{98B8CE95-BF2A-46A6-8476-40642DEF6581}.Release|Any CPU.ActiveCfg = Release|Any CPU
		{98B8CE95-BF2A-46A6-8476-40642DEF6581}.Release|Any CPU.Build.0 = Release|Any CPU
	EndGlobalSection
	GlobalSection(SolutionProperties) = preSolution
		HideSolutionNode = FALSE
	EndGlobalSection
	GlobalSection(ExtensibilityGlobals) = postSolution
		SolutionGuid = {5C42826D-00EF-4B0A-8ACF-D1DB36835CD0}
	EndGlobalSection
EndGlobal
