
Microsoft Visual Studio Solution File, Format Version 12.00
# Visual Studio Version 17
VisualStudioVersion = 17.3.32825.248
MinimumVisualStudioVersion = 10.0.40219.1
Project("{9A19103F-16F7-4668-BE54-9A1E7A4F7556}") = "00.Demo.App", "00.Demo.App\00.Demo.App.csproj", "{97462528-9EFA-4DD8-874B-C883824F9071}"
EndProject
Project("{9A19103F-16F7-4668-BE54-9A1E7A4F7556}") = "00.Demo.Labyrinth", "00.Demo.Labyrinth\00.Demo.Labyrinth.csproj", "{F992F8AF-78A6-4963-BDF4-0656033DBDD9}"
EndProject
Project("{9A19103F-16F7-4668-BE54-9A1E7A4F7556}") = "00. Demo.RecursionVsIteration", "00. Demo.RecursionVsIteration\00. Demo.RecursionVsIteration.csproj", "{799A414E-4F6B-424E-ACA5-01FBD44DDBF7}"
EndProject
Project("{9A19103F-16F7-4668-BE54-9A1E7A4F7556}") = "00.Demo.Combinatorics", "00.Demo.Combinatorics\00.Demo.Combinatorics.csproj", "{D79BC502-63B4-4CD6-8166-B08FC16F39C4}"
EndProject
Project("{9A19103F-16F7-4668-BE54-9A1E7A4F7556}") = "00.Demo.DynamicProgramming", "00.Demo.DynamicProgramming\00.Demo.DynamicProgramming.csproj", "{928FF846-8EB0-4FF7-B231-A494874D571D}"
EndProject
Project("{9A19103F-16F7-4668-BE54-9A1E7A4F7556}") = "00.Demo.LongestIncreasingSubsequence", "00.Demo.LongestIncreasingSubsequence\00.Demo.LongestIncreasingSubsequence.csproj", "{D004C0E4-BBE1-46D5-A584-EABD3BF93D61}"
EndProject
Project("{9A19103F-16F7-4668-BE54-9A1E7A4F7556}") = "00.Demo.MoveDownRightSum", "00.Demo.MoveDownRightSum\00.Demo.MoveDownRightSum.csproj", "{5F454775-8AC6-4417-A17F-DDAC4A38B0DB}"
EndProject
Project("{9A19103F-16F7-4668-BE54-9A1E7A4F7556}") = "00.Demo.RodCutting", "00.Demo.RodCutting\00.Demo.RodCutting.csproj", "{CDFE19DC-9293-4A80-814E-915309CD3C8B}"
EndProject
Project("{9A19103F-16F7-4668-BE54-9A1E7A4F7556}") = "00.Demo.CoinChange", "00.Demo.CoinChange\00.Demo.CoinChange.csproj", "{C0033B93-40EC-420E-A6F2-38AF667635C1}"
EndProject
Project("{9A19103F-16F7-4668-BE54-9A1E7A4F7556}") = "00.Demo.Equal", "00.Demo.Equal\00.Demo.Equal.csproj", "{98B8CE95-BF2A-46A6-8476-40642DEF6581}"
EndProject
Project("{9A19103F-16F7-4668-BE54-9A1E7A4F7556}") = "00.Demo.Knapsack", "00.Demo.Knapsack\00.Demo.Knapsack.csproj", "{7855A3A9-F4A1-4F4C-83EA-43A060C676A6}"
EndProject
Project("{9A19103F-16F7-4668-BE54-9A1E7A4F7556}") = "00.Demo.Greedy", "00.Demo.Greedy\00.Demo.Greedy.csproj", "{E0833012-65B9-4840-8BDD-E1AEB817FC11}"
EndProject
Project("{9A19103F-16F7-4668-BE54-9A1E7A4F7556}") = "00.Demo.SetCover", "00.Demo.SetCover\00.Demo.SetCover.csproj", "{D3708422-A809-4126-97EE-963D293D5452}"
EndProject
Project("{9A19103F-16F7-4668-BE54-9A1E7A4F7556}") = "00.Demo.LargestPermutation", "00.Demo.LargestPermutation\00.Demo.LargestPermutation.csproj", "{1055AEB4-C5A9-432E-B41D-FBD6EB1B9176}"
EndProject
Project("{9A19103F-16F7-4668-BE54-9A1E7A4F7556}") = "00.Demo.Tree", "00.Demo.Tree\00.Demo.Tree.csproj", "{32C52B1E-8760-4FB0-BB0D-3F9A7964A79B}"
EndProject
Project("{9A19103F-16F7-4668-BE54-9A1E7A4F7556}") = "00.Demo.BinaryTree", "00.Demo.BinaryTree\00.Demo.BinaryTree.csproj", "{6D621769-F5BA-4BCB-A802-2FCEFF01BAC2}"
EndProject
Project("{9A19103F-16F7-4668-BE54-9A1E7A4F7556}") = "00.Demo.BinarySearch", "00.Demo.BinarySearch\00.Demo.BinarySearch.csproj", "{4B710301-42F4-4B3C-AD26-73DD2F4A68D2}"
EndProject
Project("{FAE04EC0-301F-11D3-BF4B-00C04F79EFBC}") = "00.Demo.BinarySearchTree", "00.Demo.BinarySearchTree\00.Demo.BinarySearchTree.csproj", "{2C496F58-F269-4039-9C52-CA1A8BB86791}"
EndProject
Global
	GlobalSection(SolutionConfigurationPlatforms) = preSolution
		Debug|Any CPU = Debug|Any CPU
		Release|Any CPU = Release|Any CPU
	EndGlobalSection
	GlobalSection(ProjectConfigurationPlatforms) = postSolution
		{97462528-9EFA-4DD8-874B-C883824F9071}.Debug|Any CPU.ActiveCfg = Debug|Any CPU
		{97462528-9EFA-4DD8-874B-C883824F9071}.Debug|Any CPU.Build.0 = Debug|Any CPU
		{97462528-9EFA-4DD8-874B-C883824F9071}.Release|Any CPU.ActiveCfg = Release|Any CPU
		{97462528-9EFA-4DD8-874B-C883824F9071}.Release|Any CPU.Build.0 = Release|Any CPU
		{F992F8AF-78A6-4963-BDF4-0656033DBDD9}.Debug|Any CPU.ActiveCfg = Debug|Any CPU
		{F992F8AF-78A6-4963-BDF4-0656033DBDD9}.Debug|Any CPU.Build.0 = Debug|Any CPU
		{F992F8AF-78A6-4963-BDF4-0656033DBDD9}.Release|Any CPU.ActiveCfg = Release|Any CPU
		{F992F8AF-78A6-4963-BDF4-0656033DBDD9}.Release|Any CPU.Build.0 = Release|Any CPU
		{799A414E-4F6B-424E-ACA5-01FBD44DDBF7}.Debug|Any CPU.ActiveCfg = Debug|Any CPU
		{799A414E-4F6B-424E-ACA5-01FBD44DDBF7}.Debug|Any CPU.Build.0 = Debug|Any CPU
		{799A414E-4F6B-424E-ACA5-01FBD44DDBF7}.Release|Any CPU.ActiveCfg = Release|Any CPU
		{799A414E-4F6B-424E-ACA5-01FBD44DDBF7}.Release|Any CPU.Build.0 = Release|Any CPU
		{D79BC502-63B4-4CD6-8166-B08FC16F39C4}.Debug|Any CPU.ActiveCfg = Debug|Any CPU
		{D79BC502-63B4-4CD6-8166-B08FC16F39C4}.Debug|Any CPU.Build.0 = Debug|Any CPU
		{D79BC502-63B4-4CD6-8166-B08FC16F39C4}.Release|Any CPU.ActiveCfg = Release|Any CPU
		{D79BC502-63B4-4CD6-8166-B08FC16F39C4}.Release|Any CPU.Build.0 = Release|Any CPU
		{928FF846-8EB0-4FF7-B231-A494874D571D}.Debug|Any CPU.ActiveCfg = Debug|Any CPU
		{928FF846-8EB0-4FF7-B231-A494874D571D}.Debug|Any CPU.Build.0 = Debug|Any CPU
		{928FF846-8EB0-4FF7-B231-A494874D571D}.Release|Any CPU.ActiveCfg = Release|Any CPU
		{928FF846-8EB0-4FF7-B231-A494874D571D}.Release|Any CPU.Build.0 = Release|Any CPU
		{D004C0E4-BBE1-46D5-A584-EABD3BF93D61}.Debug|Any CPU.ActiveCfg = Debug|Any CPU
		{D004C0E4-BBE1-46D5-A584-EABD3BF93D61}.Debug|Any CPU.Build.0 = Debug|Any CPU
		{D004C0E4-BBE1-46D5-A584-EABD3BF93D61}.Release|Any CPU.ActiveCfg = Release|Any CPU
		{D004C0E4-BBE1-46D5-A584-EABD3BF93D61}.Release|Any CPU.Build.0 = Release|Any CPU
		{5F454775-8AC6-4417-A17F-DDAC4A38B0DB}.Debug|Any CPU.ActiveCfg = Debug|Any CPU
		{5F454775-8AC6-4417-A17F-DDAC4A38B0DB}.Debug|Any CPU.Build.0 = Debug|Any CPU
		{5F454775-8AC6-4417-A17F-DDAC4A38B0DB}.Release|Any CPU.ActiveCfg = Release|Any CPU
		{5F454775-8AC6-4417-A17F-DDAC4A38B0DB}.Release|Any CPU.Build.0 = Release|Any CPU
		{CDFE19DC-9293-4A80-814E-915309CD3C8B}.Debug|Any CPU.ActiveCfg = Debug|Any CPU
		{CDFE19DC-9293-4A80-814E-915309CD3C8B}.Debug|Any CPU.Build.0 = Debug|Any CPU
		{CDFE19DC-9293-4A80-814E-915309CD3C8B}.Release|Any CPU.ActiveCfg = Release|Any CPU
		{CDFE19DC-9293-4A80-814E-915309CD3C8B}.Release|Any CPU.Build.0 = Release|Any CPU
		{C0033B93-40EC-420E-A6F2-38AF667635C1}.Debug|Any CPU.ActiveCfg = Debug|Any CPU
		{C0033B93-40EC-420E-A6F2-38AF667635C1}.Debug|Any CPU.Build.0 = Debug|Any CPU
		{C0033B93-40EC-420E-A6F2-38AF667635C1}.Release|Any CPU.ActiveCfg = Release|Any CPU
		{C0033B93-40EC-420E-A6F2-38AF667635C1}.Release|Any CPU.Build.0 = Release|Any CPU
		{98B8CE95-BF2A-46A6-8476-40642DEF6581}.Debug|Any CPU.ActiveCfg = Debug|Any CPU
		{98B8CE95-BF2A-46A6-8476-40642DEF6581}.Debug|Any CPU.Build.0 = Debug|Any CPU
		{98B8CE95-BF2A-46A6-8476-40642DEF6581}.Release|Any CPU.ActiveCfg = Release|Any CPU
		{98B8CE95-BF2A-46A6-8476-40642DEF6581}.Release|Any CPU.Build.0 = Release|Any CPU
		{7855A3A9-F4A1-4F4C-83EA-43A060C676A6}.Debug|Any CPU.ActiveCfg = Debug|Any CPU
		{7855A3A9-F4A1-4F4C-83EA-43A060C676A6}.Debug|Any CPU.Build.0 = Debug|Any CPU
		{7855A3A9-F4A1-4F4C-83EA-43A060C676A6}.Release|Any CPU.ActiveCfg = Release|Any CPU
		{7855A3A9-F4A1-4F4C-83EA-43A060C676A6}.Release|Any CPU.Build.0 = Release|Any CPU
		{E0833012-65B9-4840-8BDD-E1AEB817FC11}.Debug|Any CPU.ActiveCfg = Debug|Any CPU
		{E0833012-65B9-4840-8BDD-E1AEB817FC11}.Debug|Any CPU.Build.0 = Debug|Any CPU
		{E0833012-65B9-4840-8BDD-E1AEB817FC11}.Release|Any CPU.ActiveCfg = Release|Any CPU
		{E0833012-65B9-4840-8BDD-E1AEB817FC11}.Release|Any CPU.Build.0 = Release|Any CPU
		{D3708422-A809-4126-97EE-963D293D5452}.Debug|Any CPU.ActiveCfg = Debug|Any CPU
		{D3708422-A809-4126-97EE-963D293D5452}.Debug|Any CPU.Build.0 = Debug|Any CPU
		{D3708422-A809-4126-97EE-963D293D5452}.Release|Any CPU.ActiveCfg = Release|Any CPU
		{D3708422-A809-4126-97EE-963D293D5452}.Release|Any CPU.Build.0 = Release|Any CPU
		{1055AEB4-C5A9-432E-B41D-FBD6EB1B9176}.Debug|Any CPU.ActiveCfg = Debug|Any CPU
		{1055AEB4-C5A9-432E-B41D-FBD6EB1B9176}.Debug|Any CPU.Build.0 = Debug|Any CPU
		{1055AEB4-C5A9-432E-B41D-FBD6EB1B9176}.Release|Any CPU.ActiveCfg = Release|Any CPU
		{1055AEB4-C5A9-432E-B41D-FBD6EB1B9176}.Release|Any CPU.Build.0 = Release|Any CPU
		{32C52B1E-8760-4FB0-BB0D-3F9A7964A79B}.Debug|Any CPU.ActiveCfg = Debug|Any CPU
		{32C52B1E-8760-4FB0-BB0D-3F9A7964A79B}.Debug|Any CPU.Build.0 = Debug|Any CPU
		{32C52B1E-8760-4FB0-BB0D-3F9A7964A79B}.Release|Any CPU.ActiveCfg = Release|Any CPU
		{32C52B1E-8760-4FB0-BB0D-3F9A7964A79B}.Release|Any CPU.Build.0 = Release|Any CPU
		{6D621769-F5BA-4BCB-A802-2FCEFF01BAC2}.Debug|Any CPU.ActiveCfg = Debug|Any CPU
		{6D621769-F5BA-4BCB-A802-2FCEFF01BAC2}.Debug|Any CPU.Build.0 = Debug|Any CPU
		{6D621769-F5BA-4BCB-A802-2FCEFF01BAC2}.Release|Any CPU.ActiveCfg = Release|Any CPU
		{6D621769-F5BA-4BCB-A802-2FCEFF01BAC2}.Release|Any CPU.Build.0 = Release|Any CPU
		{4B710301-42F4-4B3C-AD26-73DD2F4A68D2}.Debug|Any CPU.ActiveCfg = Debug|Any CPU
		{4B710301-42F4-4B3C-AD26-73DD2F4A68D2}.Debug|Any CPU.Build.0 = Debug|Any CPU
		{4B710301-42F4-4B3C-AD26-73DD2F4A68D2}.Release|Any CPU.ActiveCfg = Release|Any CPU
		{4B710301-42F4-4B3C-AD26-73DD2F4A68D2}.Release|Any CPU.Build.0 = Release|Any CPU
		{2C496F58-F269-4039-9C52-CA1A8BB86791}.Debug|Any CPU.ActiveCfg = Debug|Any CPU
		{2C496F58-F269-4039-9C52-CA1A8BB86791}.Debug|Any CPU.Build.0 = Debug|Any CPU
		{2C496F58-F269-4039-9C52-CA1A8BB86791}.Release|Any CPU.ActiveCfg = Release|Any CPU
		{2C496F58-F269-4039-9C52-CA1A8BB86791}.Release|Any CPU.Build.0 = Release|Any CPU
	EndGlobalSection
	GlobalSection(SolutionProperties) = preSolution
		HideSolutionNode = FALSE
	EndGlobalSection
	GlobalSection(ExtensibilityGlobals) = postSolution
		SolutionGuid = {5C42826D-00EF-4B0A-8ACF-D1DB36835CD0}
	EndGlobalSection
EndGlobal
